[[package]]
name = "aiohttp"
version = "3.8.4"
description = "Async http client/server framework (asyncio)"
category = "main"
optional = false
python-versions = ">=3.6"

[package.dependencies]
aiosignal = ">=1.1.2"
async-timeout = ">=4.0.0a3,<5.0"
attrs = ">=17.3.0"
charset-normalizer = ">=2.0,<4.0"
frozenlist = ">=1.1.1"
multidict = ">=4.5,<7.0"
yarl = ">=1.0,<2.0"

[package.extras]
speedups = ["aiodns", "brotli", "cchardet"]

[[package]]
name = "aiosignal"
version = "1.3.1"
description = "aiosignal: a list of registered asynchronous callbacks"
category = "main"
optional = false
python-versions = ">=3.7"

[package.dependencies]
frozenlist = ">=1.1.0"

[[package]]
name = "anyio"
version = "3.6.2"
description = "High level compatibility layer for multiple asynchronous event loop implementations"
category = "main"
optional = false
python-versions = ">=3.6.2"

[package.dependencies]
idna = ">=2.8"
sniffio = ">=1.1"

[package.extras]
doc = ["packaging", "sphinx-rtd-theme", "sphinx-autodoc-typehints (>=1.2.0)"]
test = ["coverage[toml] (>=4.5)", "hypothesis (>=4.0)", "pytest (>=7.0)", "pytest-mock (>=3.6.1)", "trustme", "contextlib2", "uvloop (<0.15)", "mock (>=4)", "uvloop (>=0.15)"]
trio = ["trio (>=0.16,<0.22)"]

[[package]]
name = "async-timeout"
version = "4.0.2"
description = "Timeout context manager for asyncio programs"
category = "main"
optional = false
python-versions = ">=3.6"

[[package]]
name = "attrs"
version = "22.2.0"
description = "Classes Without Boilerplate"
category = "main"
optional = false
python-versions = ">=3.6"

[package.extras]
cov = ["attrs", "coverage-enable-subprocess", "coverage[toml] (>=5.3)"]
dev = ["attrs"]
docs = ["furo", "sphinx", "myst-parser", "zope.interface", "sphinx-notfound-page", "sphinxcontrib-towncrier", "towncrier"]
tests = ["attrs", "zope.interface"]
tests-no-zope = ["hypothesis", "pympler", "pytest (>=4.3.0)", "pytest-xdist", "cloudpickle", "mypy (>=0.971,<0.990)", "pytest-mypy-plugins"]
tests_no_zope = ["hypothesis", "pympler", "pytest (>=4.3.0)", "pytest-xdist", "cloudpickle", "mypy (>=0.971,<0.990)", "pytest-mypy-plugins"]

[[package]]
name = "certifi"
version = "2022.12.7"
description = "Python package for providing Mozilla's CA Bundle."
category = "main"
optional = false
python-versions = ">=3.6"

[[package]]
name = "charset-normalizer"
version = "3.1.0"
description = "The Real First Universal Charset Detector. Open, modern and actively maintained alternative to Chardet."
category = "main"
optional = false
python-versions = ">=3.7.0"

[[package]]
name = "click"
version = "8.1.3"
description = "Composable command line interface toolkit"
category = "main"
optional = false
python-versions = ">=3.7"

[package.dependencies]
colorama = {version = "*", markers = "platform_system == \"Windows\""}

[[package]]
name = "colorama"
version = "0.4.6"
description = "Cross-platform colored terminal text."
category = "main"
optional = false
python-versions = "!=3.0.*,!=3.1.*,!=3.2.*,!=3.3.*,!=3.4.*,!=3.5.*,!=3.6.*,>=2.7"

[[package]]
name = "contourpy"
version = "1.0.7"
description = "Python library for calculating contours of 2D quadrilateral grids"
category = "main"
optional = false
python-versions = ">=3.8"

[package.dependencies]
numpy = ">=1.16"

[package.extras]
bokeh = ["bokeh", "chromedriver", "selenium"]
docs = ["furo", "sphinx-copybutton"]
mypy = ["contourpy", "docutils-stubs", "mypy (==0.991)", "types-pillow"]
test = ["matplotlib", "pillow", "pytest"]
test-no-images = ["pytest"]

[[package]]
name = "cycler"
version = "0.11.0"
description = "Composable style cycles"
category = "main"
optional = false
python-versions = ">=3.6"

[[package]]
name = "et-xmlfile"
version = "1.1.0"
description = "An implementation of lxml.xmlfile for the standard library"
category = "main"
optional = false
python-versions = ">=3.6"

[[package]]
name = "fastapi"
version = "0.95.0"
description = "FastAPI framework, high performance, easy to learn, fast to code, ready for production"
category = "main"
optional = false
python-versions = ">=3.7"

[package.dependencies]
pydantic = ">=1.6.2,<1.7 || >1.7,<1.7.1 || >1.7.1,<1.7.2 || >1.7.2,<1.7.3 || >1.7.3,<1.8 || >1.8,<1.8.1 || >1.8.1,<2.0.0"
starlette = ">=0.26.1,<0.27.0"

[package.extras]
all = ["email-validator (>=1.1.1)", "httpx (>=0.23.0)", "itsdangerous (>=1.1.0)", "jinja2 (>=2.11.2)", "orjson (>=3.2.1)", "python-multipart (>=0.0.5)", "pyyaml (>=5.3.1)", "ujson (>=4.0.1,!=4.0.2,!=4.1.0,!=4.2.0,!=4.3.0,!=5.0.0,!=5.1.0)", "uvicorn[standard] (>=0.12.0)"]
dev = ["pre-commit (>=2.17.0,<3.0.0)", "ruff (==0.0.138)", "uvicorn[standard] (>=0.12.0,<0.21.0)"]
doc = ["mdx-include (>=1.4.1,<2.0.0)", "mkdocs-markdownextradata-plugin (>=0.1.7,<0.3.0)", "mkdocs-material (>=8.1.4,<9.0.0)", "mkdocs (>=1.1.2,<2.0.0)", "pyyaml (>=5.3.1,<7.0.0)", "typer-cli (>=0.0.13,<0.0.14)", "typer[all] (>=0.6.1,<0.8.0)"]
test = ["anyio[trio] (>=3.2.1,<4.0.0)", "black (==23.1.0)", "coverage[toml] (>=6.5.0,<8.0)", "databases[sqlite] (>=0.3.2,<0.7.0)", "email-validator (>=1.1.1,<2.0.0)", "flask (>=1.1.2,<3.0.0)", "httpx (>=0.23.0,<0.24.0)", "isort (>=5.0.6,<6.0.0)", "mypy (==0.982)", "orjson (>=3.2.1,<4.0.0)", "passlib[bcrypt] (>=1.7.2,<2.0.0)", "peewee (>=3.13.3,<4.0.0)", "pytest (>=7.1.3,<8.0.0)", "python-jose[cryptography] (>=3.3.0,<4.0.0)", "python-multipart (>=0.0.5,<0.0.7)", "pyyaml (>=5.3.1,<7.0.0)", "ruff (==0.0.138)", "sqlalchemy (>=1.3.18,<1.4.43)", "types-orjson (==3.6.2)", "types-ujson (==5.7.0.1)", "ujson (>=4.0.1,!=4.0.2,!=4.1.0,!=4.2.0,!=4.3.0,!=5.0.0,!=5.1.0,<6.0.0)"]

[[package]]
name = "fonttools"
version = "4.39.3"
description = "Tools to manipulate font files"
category = "main"
optional = false
python-versions = ">=3.8"

[package.extras]
all = ["fs (>=2.2.0,<3)", "lxml (>=4.0,<5)", "zopfli (>=0.1.4)", "lz4 (>=1.7.4.2)", "matplotlib", "sympy", "skia-pathops (>=0.5.0)", "uharfbuzz (>=0.23.0)", "brotlicffi (>=0.8.0)", "scipy", "brotli (>=1.0.1)", "munkres", "unicodedata2 (>=15.0.0)", "xattr"]
graphite = ["lz4 (>=1.7.4.2)"]
interpolatable = ["scipy", "munkres"]
lxml = ["lxml (>=4.0,<5)"]
pathops = ["skia-pathops (>=0.5.0)"]
plot = ["matplotlib"]
repacker = ["uharfbuzz (>=0.23.0)"]
symfont = ["sympy"]
type1 = ["xattr"]
ufo = ["fs (>=2.2.0,<3)"]
unicode = ["unicodedata2 (>=15.0.0)"]
woff = ["zopfli (>=0.1.4)", "brotlicffi (>=0.8.0)", "brotli (>=1.0.1)"]

[[package]]
name = "frozenlist"
version = "1.3.3"
description = "A list-like structure which implements collections.abc.MutableSequence"
category = "main"
optional = false
python-versions = ">=3.7"

[[package]]
name = "h11"
version = "0.14.0"
description = "A pure-Python, bring-your-own-I/O implementation of HTTP/1.1"
category = "main"
optional = false
python-versions = ">=3.7"

[[package]]
name = "idna"
version = "3.4"
description = "Internationalized Domain Names in Applications (IDNA)"
category = "main"
optional = false
python-versions = ">=3.5"

[[package]]
name = "importlib-resources"
version = "5.12.0"
description = "Read resources from Python packages"
category = "main"
optional = false
python-versions = ">=3.7"

[package.dependencies]
zipp = {version = ">=3.1.0", markers = "python_version < \"3.10\""}

[package.extras]
docs = ["sphinx (>=3.5)", "jaraco.packaging (>=9)", "rst.linker (>=1.9)", "furo", "sphinx-lint", "jaraco.tidelift (>=1.4)"]
testing = ["pytest (>=6)", "pytest-checkdocs (>=2.4)", "flake8 (<5)", "pytest-cov", "pytest-enabler (>=1.3)", "pytest-black (>=0.3.7)", "pytest-mypy (>=0.9.1)", "pytest-flake8"]

[[package]]
name = "joblib"
version = "1.2.0"
description = "Lightweight pipelining with Python functions"
category = "main"
optional = false
python-versions = ">=3.7"

[[package]]
name = "kiwisolver"
version = "1.4.4"
description = "A fast implementation of the Cassowary constraint solver"
category = "main"
optional = false
python-versions = ">=3.7"

[[package]]
name = "matplotlib"
version = "3.7.1"
description = "Python plotting package"
category = "main"
optional = false
python-versions = ">=3.8"

[package.dependencies]
contourpy = ">=1.0.1"
cycler = ">=0.10"
fonttools = ">=4.22.0"
importlib-resources = {version = ">=3.2.0", markers = "python_version < \"3.10\""}
kiwisolver = ">=1.0.1"
numpy = ">=1.20"
packaging = ">=20.0"
pillow = ">=6.2.0"
pyparsing = ">=2.3.1"
python-dateutil = ">=2.7"
setuptools_scm = ">=7"

[[package]]
name = "multidict"
version = "6.0.4"
description = "multidict implementation"
category = "main"
optional = false
python-versions = ">=3.7"

[[package]]
name = "nltk"
version = "3.8.1"
description = "Natural Language Toolkit"
category = "main"
optional = false
python-versions = ">=3.7"

[package.dependencies]
click = "*"
joblib = "*"
regex = ">=2021.8.3"
tqdm = "*"

[package.extras]
all = ["scikit-learn", "python-crfsuite", "requests", "numpy", "pyparsing", "twython", "scipy", "matplotlib"]
corenlp = ["requests"]
machine_learning = ["numpy", "python-crfsuite", "scikit-learn", "scipy"]
plot = ["matplotlib"]
tgrep = ["pyparsing"]
twitter = ["twython"]

[[package]]
name = "numpy"
version = "1.24.2"
description = "Fundamental package for array computing in Python"
category = "main"
optional = false
python-versions = ">=3.8"

[[package]]
name = "openai"
version = "0.27.4"
description = "Python client library for the OpenAI API"
category = "main"
optional = false
python-versions = ">=3.7.1"

[package.dependencies]
aiohttp = "*"
matplotlib = {version = "*", optional = true, markers = "extra == \"embeddings\""}
numpy = {version = "*", optional = true, markers = "extra == \"embeddings\""}
openpyxl = {version = ">=3.0.7", optional = true, markers = "extra == \"embeddings\""}
pandas = {version = ">=1.2.3", optional = true, markers = "extra == \"embeddings\""}
pandas-stubs = {version = ">=1.1.0.11", optional = true, markers = "extra == \"embeddings\""}
plotly = {version = "*", optional = true, markers = "extra == \"embeddings\""}
requests = ">=2.20"
scikit-learn = {version = ">=1.0.2", optional = true, markers = "extra == \"embeddings\""}
scipy = {version = "*", optional = true, markers = "extra == \"embeddings\""}
tenacity = {version = ">=8.0.1", optional = true, markers = "extra == \"embeddings\""}
tqdm = "*"

[package.extras]
datalib = ["numpy", "pandas (>=1.2.3)", "pandas-stubs (>=1.1.0.11)", "openpyxl (>=3.0.7)"]
dev = ["black (>=21.6b0,<22.0.0)", "pytest (>=6.0.0,<7.0.0)", "pytest-asyncio", "pytest-mock"]
embeddings = ["scikit-learn (>=1.0.2)", "tenacity (>=8.0.1)", "matplotlib", "plotly", "numpy", "scipy", "pandas (>=1.2.3)", "pandas-stubs (>=1.1.0.11)", "openpyxl (>=3.0.7)"]
wandb = ["wandb", "numpy", "pandas (>=1.2.3)", "pandas-stubs (>=1.1.0.11)", "openpyxl (>=3.0.7)"]

[[package]]
name = "openpyxl"
version = "3.1.2"
description = "A Python library to read/write Excel 2010 xlsx/xlsm files"
category = "main"
optional = false
python-versions = ">=3.6"

[package.dependencies]
et-xmlfile = "*"

[[package]]
name = "packaging"
version = "23.1"
description = "Core utilities for Python packages"
category = "main"
optional = false
python-versions = ">=3.7"

[[package]]
name = "pandas"
version = "2.0.0"
description = "Powerful data structures for data analysis, time series, and statistics"
category = "main"
optional = false
python-versions = ">=3.8"

[package.dependencies]
numpy = [
    {version = ">=1.20.3", markers = "python_version < \"3.10\""},
    {version = ">=1.21.0", markers = "python_version >= \"3.10\""},
    {version = ">=1.23.2", markers = "python_version >= \"3.11\""},
]
python-dateutil = ">=2.8.2"
pytz = ">=2020.1"
tzdata = ">=2022.1"

[package.extras]
all = ["beautifulsoup4 (>=4.9.3)", "bottleneck (>=1.3.2)", "brotlipy (>=0.7.0)", "fastparquet (>=0.6.3)", "fsspec (>=2021.07.0)", "gcsfs (>=2021.07.0)", "html5lib (>=1.1)", "hypothesis (>=6.34.2)", "jinja2 (>=3.0.0)", "lxml (>=4.6.3)", "matplotlib (>=3.6.1)", "numba (>=0.53.1)", "numexpr (>=2.7.3)", "odfpy (>=1.4.1)", "openpyxl (>=3.0.7)", "pandas-gbq (>=0.15.0)", "psycopg2 (>=2.8.6)", "pyarrow (>=7.0.0)", "pymysql (>=1.0.2)", "PyQt5 (>=5.15.1)", "pyreadstat (>=1.1.2)", "pytest (>=7.0.0)", "pytest-xdist (>=2.2.0)", "pytest-asyncio (>=0.17.0)", "python-snappy (>=0.6.0)", "pyxlsb (>=1.0.8)", "qtpy (>=2.2.0)", "scipy (>=1.7.1)", "s3fs (>=2021.08.0)", "SQLAlchemy (>=1.4.16)", "tables (>=3.6.1)", "tabulate (>=0.8.9)", "xarray (>=0.21.0)", "xlrd (>=2.0.1)", "xlsxwriter (>=1.4.3)", "zstandard (>=0.15.2)"]
aws = ["s3fs (>=2021.08.0)"]
clipboard = ["PyQt5 (>=5.15.1)", "qtpy (>=2.2.0)"]
compression = ["brotlipy (>=0.7.0)", "python-snappy (>=0.6.0)", "zstandard (>=0.15.2)"]
computation = ["scipy (>=1.7.1)", "xarray (>=0.21.0)"]
excel = ["odfpy (>=1.4.1)", "openpyxl (>=3.0.7)", "pyxlsb (>=1.0.8)", "xlrd (>=2.0.1)", "xlsxwriter (>=1.4.3)"]
feather = ["pyarrow (>=7.0.0)"]
fss = ["fsspec (>=2021.07.0)"]
gcp = ["gcsfs (>=2021.07.0)", "pandas-gbq (>=0.15.0)"]
hdf5 = ["tables (>=3.6.1)"]
html = ["beautifulsoup4 (>=4.9.3)", "html5lib (>=1.1)", "lxml (>=4.6.3)"]
mysql = ["SQLAlchemy (>=1.4.16)", "pymysql (>=1.0.2)"]
output_formatting = ["jinja2 (>=3.0.0)", "tabulate (>=0.8.9)"]
parquet = ["pyarrow (>=7.0.0)"]
performance = ["bottleneck (>=1.3.2)", "numba (>=0.53.1)", "numexpr (>=2.7.1)"]
plot = ["matplotlib (>=3.6.1)"]
postgresql = ["SQLAlchemy (>=1.4.16)", "psycopg2 (>=2.8.6)"]
spss = ["pyreadstat (>=1.1.2)"]
sql-other = ["SQLAlchemy (>=1.4.16)"]
test = ["hypothesis (>=6.34.2)", "pytest (>=7.0.0)", "pytest-xdist (>=2.2.0)", "pytest-asyncio (>=0.17.0)"]
xml = ["lxml (>=4.6.3)"]

[[package]]
name = "pandas-stubs"
version = "2.0.0.230412"
description = "Type annotations for pandas"
category = "main"
optional = false
python-versions = ">=3.8"

[package.dependencies]
types-pytz = ">=2022.1.1"

[[package]]
name = "pillow"
version = "9.5.0"
description = "Python Imaging Library (Fork)"
category = "main"
optional = false
python-versions = ">=3.7"

[package.extras]
docs = ["furo", "olefile", "sphinx (>=2.4)", "sphinx-copybutton", "sphinx-inline-tabs", "sphinx-removed-in", "sphinxext-opengraph"]
tests = ["check-manifest", "coverage", "defusedxml", "markdown2", "olefile", "packaging", "pyroma", "pytest", "pytest-cov", "pytest-timeout"]

[[package]]
name = "plotly"
version = "5.14.1"
description = "An open-source, interactive data visualization library for Python"
category = "main"
optional = false
python-versions = ">=3.6"

[package.dependencies]
packaging = "*"
tenacity = ">=6.2.0"

[[package]]
name = "pydantic"
version = "1.10.7"
description = "Data validation and settings management using python type hints"
category = "main"
optional = false
python-versions = ">=3.7"

[package.dependencies]
typing-extensions = ">=4.2.0"

[package.extras]
dotenv = ["python-dotenv (>=0.10.4)"]
email = ["email-validator (>=1.0.3)"]

[[package]]
name = "pyparsing"
version = "3.0.9"
description = "pyparsing module - Classes and methods to define and execute parsing grammars"
category = "main"
optional = false
python-versions = ">=3.6.8"

[package.extras]
diagrams = ["railroad-diagrams", "jinja2"]

[[package]]
name = "python-dateutil"
version = "2.8.2"
description = "Extensions to the standard Python datetime module"
category = "main"
optional = false
python-versions = "!=3.0.*,!=3.1.*,!=3.2.*,>=2.7"

[package.dependencies]
six = ">=1.5"

[[package]]
name = "python-dotenv"
version = "1.0.0"
description = "Read key-value pairs from a .env file and set them as environment variables"
category = "main"
optional = false
python-versions = ">=3.8"

[package.extras]
cli = ["click (>=5.0)"]

[[package]]
name = "pytz"
version = "2023.3"
description = "World timezone definitions, modern and historical"
category = "main"
optional = false
python-versions = "*"

[[package]]
name = "regex"
version = "2023.3.23"
description = "Alternative regular expression module, to replace re."
category = "main"
optional = false
python-versions = ">=3.8"

[[package]]
name = "requests"
version = "2.28.2"
description = "Python HTTP for Humans."
category = "main"
optional = false
python-versions = ">=3.7, <4"

[package.dependencies]
certifi = ">=2017.4.17"
charset-normalizer = ">=2,<4"
idna = ">=2.5,<4"
urllib3 = ">=1.21.1,<1.27"

[package.extras]
socks = ["PySocks (>=1.5.6,!=1.5.7)"]
use_chardet_on_py3 = ["chardet (>=3.0.2,<6)"]

[[package]]
name = "scikit-learn"
version = "1.2.2"
description = "A set of python modules for machine learning and data mining"
category = "main"
optional = false
python-versions = ">=3.8"

[package.dependencies]
joblib = ">=1.1.1"
numpy = ">=1.17.3"
scipy = ">=1.3.2"
threadpoolctl = ">=2.0.0"

[package.extras]
benchmark = ["matplotlib (>=3.1.3)", "pandas (>=1.0.5)", "memory-profiler (>=0.57.0)"]
docs = ["matplotlib (>=3.1.3)", "scikit-image (>=0.16.2)", "pandas (>=1.0.5)", "seaborn (>=0.9.0)", "memory-profiler (>=0.57.0)", "sphinx (>=4.0.1)", "sphinx-gallery (>=0.7.0)", "numpydoc (>=1.2.0)", "Pillow (>=7.1.2)", "pooch (>=1.6.0)", "sphinx-prompt (>=1.3.0)", "sphinxext-opengraph (>=0.4.2)", "plotly (>=5.10.0)"]
examples = ["matplotlib (>=3.1.3)", "scikit-image (>=0.16.2)", "pandas (>=1.0.5)", "seaborn (>=0.9.0)", "pooch (>=1.6.0)", "plotly (>=5.10.0)"]
tests = ["matplotlib (>=3.1.3)", "scikit-image (>=0.16.2)", "pandas (>=1.0.5)", "pytest (>=5.3.1)", "pytest-cov (>=2.9.0)", "flake8 (>=3.8.2)", "black (>=22.3.0)", "mypy (>=0.961)", "pyamg (>=4.0.0)", "numpydoc (>=1.2.0)", "pooch (>=1.6.0)"]

[[package]]
name = "scipy"
version = "1.9.3"
description = "Fundamental algorithms for scientific computing in Python"
category = "main"
optional = false
python-versions = ">=3.8"

[package.dependencies]
numpy = ">=1.18.5,<1.26.0"

[package.extras]
test = ["pytest", "pytest-cov", "pytest-xdist", "asv", "mpmath", "gmpy2", "threadpoolctl", "scikit-umfpack"]
doc = ["sphinx (!=4.1.0)", "pydata-sphinx-theme (==0.9.0)", "sphinx-panels (>=0.5.2)", "matplotlib (>2)", "numpydoc", "sphinx-tabs"]
dev = ["mypy", "typing-extensions", "pycodestyle", "flake8"]

[[package]]
name = "setuptools-scm"
version = "7.1.0"
description = "the blessed package to manage your versions by scm tags"
category = "main"
optional = false
python-versions = ">=3.7"

[package.dependencies]
packaging = ">=20.0"
tomli = {version = ">=1.0.0", markers = "python_version < \"3.11\""}
typing-extensions = "*"

[package.extras]
test = ["pytest (>=6.2)", "virtualenv (>20)"]
toml = ["setuptools (>=42)"]

[[package]]
name = "six"
version = "1.16.0"
description = "Python 2 and 3 compatibility utilities"
category = "main"
optional = false
python-versions = ">=2.7, !=3.0.*, !=3.1.*, !=3.2.*"

[[package]]
name = "sniffio"
version = "1.3.0"
description = "Sniff out which async library your code is running under"
category = "main"
optional = false
python-versions = ">=3.7"

[[package]]
name = "starlette"
version = "0.26.1"
description = "The little ASGI library that shines."
category = "main"
optional = false
python-versions = ">=3.7"

[package.dependencies]
anyio = ">=3.4.0,<5"
typing-extensions = {version = ">=3.10.0", markers = "python_version < \"3.10\""}

[package.extras]
full = ["httpx (>=0.22.0)", "itsdangerous", "jinja2", "python-multipart", "pyyaml"]

[[package]]
name = "tenacity"
version = "8.2.2"
description = "Retry code until it succeeds"
category = "main"
optional = false
python-versions = ">=3.6"

[package.extras]
doc = ["reno", "sphinx", "tornado (>=4.5)"]

[[package]]
name = "threadpoolctl"
version = "3.1.0"
description = "threadpoolctl"
category = "main"
optional = false
python-versions = ">=3.6"

[[package]]
name = "tomli"
version = "2.0.1"
description = "A lil' TOML parser"
category = "main"
optional = false
python-versions = ">=3.7"

[[package]]
name = "tqdm"
version = "4.65.0"
description = "Fast, Extensible Progress Meter"
category = "main"
optional = false
python-versions = ">=3.7"

[package.dependencies]
colorama = {version = "*", markers = "platform_system == \"Windows\""}

[package.extras]
dev = ["py-make (>=0.1.0)", "twine", "wheel"]
notebook = ["ipywidgets (>=6)"]
slack = ["slack-sdk"]
telegram = ["requests"]

[[package]]
name = "types-pytz"
version = "2023.3.0.0"
description = "Typing stubs for pytz"
category = "main"
optional = false
python-versions = "*"

[[package]]
name = "typing-extensions"
version = "4.5.0"
description = "Backported and Experimental Type Hints for Python 3.7+"
category = "main"
optional = false
python-versions = ">=3.7"

[[package]]
name = "tzdata"
version = "2023.3"
description = "Provider of IANA time zone data"
category = "main"
optional = false
python-versions = ">=2"

[[package]]
name = "urllib3"
version = "1.26.15"
description = "HTTP library with thread-safe connection pooling, file post, and more."
category = "main"
optional = false
python-versions = ">=2.7, !=3.0.*, !=3.1.*, !=3.2.*, !=3.3.*, !=3.4.*, !=3.5.*"

[package.extras]
brotli = ["brotlicffi (>=0.8.0)", "brotli (>=1.0.9)", "brotlipy (>=0.6.0)"]
secure = ["pyOpenSSL (>=0.14)", "cryptography (>=1.3.4)", "idna (>=2.0.0)", "certifi", "urllib3-secure-extra", "ipaddress"]
socks = ["PySocks (>=1.5.6,!=1.5.7,<2.0)"]

[[package]]
name = "uvicorn"
version = "0.21.1"
description = "The lightning-fast ASGI server."
category = "main"
optional = false
python-versions = ">=3.7"

[package.dependencies]
click = ">=7.0"
h11 = ">=0.8"

[package.extras]
standard = ["colorama (>=0.4)", "httptools (>=0.5.0)", "python-dotenv (>=0.13)", "pyyaml (>=5.1)", "uvloop (>=0.14.0,!=0.15.0,!=0.15.1)", "watchfiles (>=0.13)", "websockets (>=10.4)"]

[[package]]
name = "yarl"
version = "1.8.2"
description = "Yet another URL library"
category = "main"
optional = false
python-versions = ">=3.7"

[package.dependencies]
idna = ">=2.0"
multidict = ">=4.0"

[[package]]
name = "zipp"
version = "3.15.0"
description = "Backport of pathlib-compatible object wrapper for zip files"
category = "main"
optional = false
python-versions = ">=3.7"

[package.extras]
docs = ["sphinx (>=3.5)", "jaraco.packaging (>=9)", "rst.linker (>=1.9)", "furo", "sphinx-lint", "jaraco.tidelift (>=1.4)"]
testing = ["pytest (>=6)", "pytest-checkdocs (>=2.4)", "flake8 (<5)", "pytest-cov", "pytest-enabler (>=1.3)", "jaraco.itertools", "jaraco.functools", "more-itertools", "big-o", "pytest-black (>=0.3.7)", "pytest-mypy (>=0.9.1)", "pytest-flake8"]

[metadata]
lock-version = "1.1"
python-versions = "^3.9"
content-hash = "9f024b9cc7b79c28450cb52d31aa661ca8740e2603693ba6f03c66ad541d2a95"

[metadata.files]
aiohttp = []
aiosignal = []
anyio = []
async-timeout = []
attrs = []
certifi = []
charset-normalizer = []
click = []
colorama = []
contourpy = []
cycler = []
et-xmlfile = []
fastapi = []
fonttools = []
frozenlist = []
h11 = []
idna = []
importlib-resources = []
joblib = []
kiwisolver = []
matplotlib = []
multidict = []
nltk = []
numpy = []
openai = []
openpyxl = []
packaging = []
pandas = []
pandas-stubs = []
pillow = []
plotly = []
pydantic = []
pyparsing = []
python-dateutil = []
python-dotenv = []
pytz = []
regex = []
requests = []
scikit-learn = []
scipy = []
setuptools-scm = []
six = []
sniffio = []
starlette = []
tenacity = []
threadpoolctl = []
tomli = []
tqdm = []
types-pytz = []
typing-extensions = []
tzdata = []
urllib3 = []
uvicorn = []
yarl = []
zipp = []
